
Microsoft Visual Studio Solution File, Format Version 12.00
# Visual Studio Version 17
VisualStudioVersion = 17.3.32922.545
MinimumVisualStudioVersion = 10.0.40219.1
Project("{9A19103F-16F7-4668-BE54-9A1E7A4F7556}") = "WPFOCE", "WPFOCE\WPFOCE.csproj", "{46402753-25EE-45EA-B9D8-70BFC16063A0}"
EndProject
Project("{FAE04EC0-301F-11D3-BF4B-00C04F79EFBC}") = "WaveEditor", "WaveEditor\WaveEditor.csproj", "{F75B533C-6CA0-49CD-8D5D-F983957D7D4E}"
EndProject
Global
	GlobalSection(SolutionConfigurationPlatforms) = preSolution
		Debug|Any CPU = Debug|Any CPU
		Release|Any CPU = Release|Any CPU
	EndGlobalSection
	GlobalSection(ProjectConfigurationPlatforms) = postSolution
		{46402753-25EE-45EA-B9D8-70BFC16063A0}.Debug|Any CPU.ActiveCfg = Debug|Any CPU
		{46402753-25EE-45EA-B9D8-70BFC16063A0}.Debug|Any CPU.Build.0 = Debug|Any CPU
		{46402753-25EE-45EA-B9D8-70BFC16063A0}.Release|Any CPU.ActiveCfg = Release|Any CPU
		{46402753-25EE-45EA-B9D8-70BFC16063A0}.Release|Any CPU.Build.0 = Release|Any CPU
		{F75B533C-6CA0-49CD-8D5D-F983957D7D4E}.Debug|Any CPU.ActiveCfg = Debug|Any CPU
		{F75B533C-6CA0-49CD-8D5D-F983957D7D4E}.Debug|Any CPU.Build.0 = Debug|Any CPU
		{F75B533C-6CA0-49CD-8D5D-F983957D7D4E}.Release|Any CPU.ActiveCfg = Release|Any CPU
		{F75B533C-6CA0-49CD-8D5D-F983957D7D4E}.Release|Any CPU.Build.0 = Release|Any CPU
	EndGlobalSection
	GlobalSection(SolutionProperties) = preSolution
		HideSolutionNode = FALSE
	EndGlobalSection
	GlobalSection(ExtensibilityGlobals) = postSolution
		SolutionGuid = {A854E934-EB71-4077-AF2F-0A83F0EF4839}
	EndGlobalSection
EndGlobal
